// !$*UTF8*$!
{
	archiveVersion = 1;
	classes = {
	};
	objectVersion = 50;
	objects = {

/* Begin PBXBuildFile section */
		BD22AD0023F812E1002BA73B /* ParserHelper.swift in Sources */ = {isa = PBXBuildFile; fileRef = BD22ACFF23F812E1002BA73B /* ParserHelper.swift */; };
		BD22AD0323F816FF002BA73B /* Result.swift in Sources */ = {isa = PBXBuildFile; fileRef = BD22AD0223F816FF002BA73B /* Result.swift */; };
		BD22AD0523F8174E002BA73B /* ErrorResult.swift in Sources */ = {isa = PBXBuildFile; fileRef = BD22AD0423F8174E002BA73B /* ErrorResult.swift */; };
		BD22AD0823F81D78002BA73B /* RequestService.swift in Sources */ = {isa = PBXBuildFile; fileRef = BD22AD0723F81D78002BA73B /* RequestService.swift */; };
		BD22AD0A23F8201C002BA73B /* RequestFactory.swift in Sources */ = {isa = PBXBuildFile; fileRef = BD22AD0923F8201C002BA73B /* RequestFactory.swift */; };
		BD22AD0C23F822EF002BA73B /* RequestHandler.swift in Sources */ = {isa = PBXBuildFile; fileRef = BD22AD0B23F822EF002BA73B /* RequestHandler.swift */; };
		BD22AD0E23F8294C002BA73B /* AirportServiceTests.swift in Sources */ = {isa = PBXBuildFile; fileRef = BD22AD0D23F8294C002BA73B /* AirportServiceTests.swift */; };
		BD22AD1023F82AB2002BA73B /* Country.swift in Sources */ = {isa = PBXBuildFile; fileRef = BD22AD0F23F82AB2002BA73B /* Country.swift */; };
		BD22AD1223F82B95002BA73B /* AirportService.swift in Sources */ = {isa = PBXBuildFile; fileRef = BD22AD1123F82B95002BA73B /* AirportService.swift */; };
		BD43FCE623F83CC8005D53D2 /* AirportViewModelTests.swift in Sources */ = {isa = PBXBuildFile; fileRef = BD43FCE523F83CC8005D53D2 /* AirportViewModelTests.swift */; };
		BD43FCE923FAC2F9005D53D2 /* AirportViewModel.swift in Sources */ = {isa = PBXBuildFile; fileRef = BD43FCE823FAC2F9005D53D2 /* AirportViewModel.swift */; };
		BD43FCEB23FAC37B005D53D2 /* GenericDataSourceAndDelegate.swift in Sources */ = {isa = PBXBuildFile; fileRef = BD43FCEA23FAC37B005D53D2 /* GenericDataSourceAndDelegate.swift */; };
		BD43FCED23FAC3F9005D53D2 /* DynamicValue.swift in Sources */ = {isa = PBXBuildFile; fileRef = BD43FCEC23FAC3F9005D53D2 /* DynamicValue.swift */; };
		BD43FCF023FAF8AC005D53D2 /* AirportViewController.swift in Sources */ = {isa = PBXBuildFile; fileRef = BD43FCEF23FAF8AC005D53D2 /* AirportViewController.swift */; };
		BD43FCF223FAFDE5005D53D2 /* AirportDataSourceAndDelegate.swift in Sources */ = {isa = PBXBuildFile; fileRef = BD43FCF123FAFDE5005D53D2 /* AirportDataSourceAndDelegate.swift */; };
		BD43FCF423FAFF6B005D53D2 /* AirportTableViewCell.swift in Sources */ = {isa = PBXBuildFile; fileRef = BD43FCF323FAFF6B005D53D2 /* AirportTableViewCell.swift */; };
		BD43FCF623FB0131005D53D2 /* AirportDataSourceAndDelegateTests.swift in Sources */ = {isa = PBXBuildFile; fileRef = BD43FCF523FB0131005D53D2 /* AirportDataSourceAndDelegateTests.swift */; };
		BD43FCF823FC175C005D53D2 /* AirportTimetableServiceTests.swift in Sources */ = {isa = PBXBuildFile; fileRef = BD43FCF723FC175C005D53D2 /* AirportTimetableServiceTests.swift */; };
		BD43FCFA23FC17B2005D53D2 /* AirportTimetableService.swift in Sources */ = {isa = PBXBuildFile; fileRef = BD43FCF923FC17B2005D53D2 /* AirportTimetableService.swift */; };
		BD43FCFC23FC1944005D53D2 /* AirportTimetable.swift in Sources */ = {isa = PBXBuildFile; fileRef = BD43FCFB23FC1944005D53D2 /* AirportTimetable.swift */; };
		BD58662623F807BA001E6456 /* AppDelegate.swift in Sources */ = {isa = PBXBuildFile; fileRef = BD58662523F807BA001E6456 /* AppDelegate.swift */; };
		BD58662823F807BA001E6456 /* SceneDelegate.swift in Sources */ = {isa = PBXBuildFile; fileRef = BD58662723F807BA001E6456 /* SceneDelegate.swift */; };
		BD58662D23F807BA001E6456 /* Main.storyboard in Resources */ = {isa = PBXBuildFile; fileRef = BD58662B23F807BA001E6456 /* Main.storyboard */; };
		BD58662F23F807BD001E6456 /* Assets.xcassets in Resources */ = {isa = PBXBuildFile; fileRef = BD58662E23F807BD001E6456 /* Assets.xcassets */; };
		BD58663223F807BD001E6456 /* LaunchScreen.storyboard in Resources */ = {isa = PBXBuildFile; fileRef = BD58663023F807BD001E6456 /* LaunchScreen.storyboard */; };
		BD58663D23F807BD001E6456 /* AirportTests.swift in Sources */ = {isa = PBXBuildFile; fileRef = BD58663C23F807BD001E6456 /* AirportTests.swift */; };
		BD58664923F8107C001E6456 /* Airport.swift in Sources */ = {isa = PBXBuildFile; fileRef = BD58664823F8107C001E6456 /* Airport.swift */; };
		BD9A74D023FC5188007CFBCF /* ArrivalViewModel.swift in Sources */ = {isa = PBXBuildFile; fileRef = BD9A74CF23FC5188007CFBCF /* ArrivalViewModel.swift */; };
		BD9A74D223FC57A8007CFBCF /* ArrivalViewModelTests.swift in Sources */ = {isa = PBXBuildFile; fileRef = BD9A74D123FC57A8007CFBCF /* ArrivalViewModelTests.swift */; };
		BD9A74D423FC5B32007CFBCF /* ArrivalDataSourceAndDelegateTests.swift in Sources */ = {isa = PBXBuildFile; fileRef = BD9A74D323FC5B32007CFBCF /* ArrivalDataSourceAndDelegateTests.swift */; };
		BD9A74D623FC5BBF007CFBCF /* ArrivalDataSourceAndDelegate.swift in Sources */ = {isa = PBXBuildFile; fileRef = BD9A74D523FC5BBF007CFBCF /* ArrivalDataSourceAndDelegate.swift */; };
		BD9A74D823FC5C6E007CFBCF /* ArrivalTableViewCell.swift in Sources */ = {isa = PBXBuildFile; fileRef = BD9A74D723FC5C6E007CFBCF /* ArrivalTableViewCell.swift */; };
		BD9A74DA23FC6687007CFBCF /* ArrivalViewController.swift in Sources */ = {isa = PBXBuildFile; fileRef = BD9A74D923FC6687007CFBCF /* ArrivalViewController.swift */; };
		BD9A74DD23FC6B34007CFBCF /* StringExtension.swift in Sources */ = {isa = PBXBuildFile; fileRef = BD9A74DC23FC6B34007CFBCF /* StringExtension.swift */; };
		BD9A74DF23FC6CEA007CFBCF /* StringExtensionTests.swift in Sources */ = {isa = PBXBuildFile; fileRef = BD9A74DE23FC6CEA007CFBCF /* StringExtensionTests.swift */; };
		BD9A74E123FC72F2007CFBCF /* DateExtension.swift in Sources */ = {isa = PBXBuildFile; fileRef = BD9A74E023FC72F2007CFBCF /* DateExtension.swift */; };
		BD9A74E323FC7338007CFBCF /* DateExtensionTests.swift in Sources */ = {isa = PBXBuildFile; fileRef = BD9A74E223FC7338007CFBCF /* DateExtensionTests.swift */; };
		BD9A74E523FC85F6007CFBCF /* AirportTimetableTests.swift in Sources */ = {isa = PBXBuildFile; fileRef = BD9A74E423FC85F6007CFBCF /* AirportTimetableTests.swift */; };
/* End PBXBuildFile section */

/* Begin PBXContainerItemProxy section */
		BD58663923F807BD001E6456 /* PBXContainerItemProxy */ = {
			isa = PBXContainerItemProxy;
			containerPortal = BD58661A23F807BA001E6456 /* Project object */;
			proxyType = 1;
			remoteGlobalIDString = BD58662123F807BA001E6456;
			remoteInfo = Airports;
		};
/* End PBXContainerItemProxy section */

/* Begin PBXFileReference section */
		BD22ACFF23F812E1002BA73B /* ParserHelper.swift */ = {isa = PBXFileReference; lastKnownFileType = sourcecode.swift; path = ParserHelper.swift; sourceTree = "<group>"; };
		BD22AD0223F816FF002BA73B /* Result.swift */ = {isa = PBXFileReference; lastKnownFileType = sourcecode.swift; path = Result.swift; sourceTree = "<group>"; };
		BD22AD0423F8174E002BA73B /* ErrorResult.swift */ = {isa = PBXFileReference; lastKnownFileType = sourcecode.swift; path = ErrorResult.swift; sourceTree = "<group>"; };
		BD22AD0723F81D78002BA73B /* RequestService.swift */ = {isa = PBXFileReference; lastKnownFileType = sourcecode.swift; path = RequestService.swift; sourceTree = "<group>"; };
		BD22AD0923F8201C002BA73B /* RequestFactory.swift */ = {isa = PBXFileReference; lastKnownFileType = sourcecode.swift; path = RequestFactory.swift; sourceTree = "<group>"; };
		BD22AD0B23F822EF002BA73B /* RequestHandler.swift */ = {isa = PBXFileReference; lastKnownFileType = sourcecode.swift; path = RequestHandler.swift; sourceTree = "<group>"; };
		BD22AD0D23F8294C002BA73B /* AirportServiceTests.swift */ = {isa = PBXFileReference; lastKnownFileType = sourcecode.swift; path = AirportServiceTests.swift; sourceTree = "<group>"; };
		BD22AD0F23F82AB2002BA73B /* Country.swift */ = {isa = PBXFileReference; lastKnownFileType = sourcecode.swift; path = Country.swift; sourceTree = "<group>"; };
		BD22AD1123F82B95002BA73B /* AirportService.swift */ = {isa = PBXFileReference; lastKnownFileType = sourcecode.swift; path = AirportService.swift; sourceTree = "<group>"; };
		BD43FCE523F83CC8005D53D2 /* AirportViewModelTests.swift */ = {isa = PBXFileReference; lastKnownFileType = sourcecode.swift; path = AirportViewModelTests.swift; sourceTree = "<group>"; };
		BD43FCE823FAC2F9005D53D2 /* AirportViewModel.swift */ = {isa = PBXFileReference; lastKnownFileType = sourcecode.swift; path = AirportViewModel.swift; sourceTree = "<group>"; };
		BD43FCEA23FAC37B005D53D2 /* GenericDataSourceAndDelegate.swift */ = {isa = PBXFileReference; lastKnownFileType = sourcecode.swift; path = GenericDataSourceAndDelegate.swift; sourceTree = "<group>"; };
		BD43FCEC23FAC3F9005D53D2 /* DynamicValue.swift */ = {isa = PBXFileReference; lastKnownFileType = sourcecode.swift; path = DynamicValue.swift; sourceTree = "<group>"; };
		BD43FCEF23FAF8AC005D53D2 /* AirportViewController.swift */ = {isa = PBXFileReference; lastKnownFileType = sourcecode.swift; path = AirportViewController.swift; sourceTree = "<group>"; };
		BD43FCF123FAFDE5005D53D2 /* AirportDataSourceAndDelegate.swift */ = {isa = PBXFileReference; lastKnownFileType = sourcecode.swift; path = AirportDataSourceAndDelegate.swift; sourceTree = "<group>"; };
		BD43FCF323FAFF6B005D53D2 /* AirportTableViewCell.swift */ = {isa = PBXFileReference; lastKnownFileType = sourcecode.swift; path = AirportTableViewCell.swift; sourceTree = "<group>"; };
		BD43FCF523FB0131005D53D2 /* AirportDataSourceAndDelegateTests.swift */ = {isa = PBXFileReference; lastKnownFileType = sourcecode.swift; path = AirportDataSourceAndDelegateTests.swift; sourceTree = "<group>"; };
		BD43FCF723FC175C005D53D2 /* AirportTimetableServiceTests.swift */ = {isa = PBXFileReference; lastKnownFileType = sourcecode.swift; path = AirportTimetableServiceTests.swift; sourceTree = "<group>"; };
		BD43FCF923FC17B2005D53D2 /* AirportTimetableService.swift */ = {isa = PBXFileReference; lastKnownFileType = sourcecode.swift; path = AirportTimetableService.swift; sourceTree = "<group>"; };
		BD43FCFB23FC1944005D53D2 /* AirportTimetable.swift */ = {isa = PBXFileReference; lastKnownFileType = sourcecode.swift; path = AirportTimetable.swift; sourceTree = "<group>"; };
		BD58662223F807BA001E6456 /* Airports.app */ = {isa = PBXFileReference; explicitFileType = wrapper.application; includeInIndex = 0; path = Airports.app; sourceTree = BUILT_PRODUCTS_DIR; };
		BD58662523F807BA001E6456 /* AppDelegate.swift */ = {isa = PBXFileReference; lastKnownFileType = sourcecode.swift; path = AppDelegate.swift; sourceTree = "<group>"; };
		BD58662723F807BA001E6456 /* SceneDelegate.swift */ = {isa = PBXFileReference; lastKnownFileType = sourcecode.swift; path = SceneDelegate.swift; sourceTree = "<group>"; };
		BD58662C23F807BA001E6456 /* Base */ = {isa = PBXFileReference; lastKnownFileType = file.storyboard; name = Base; path = Base.lproj/Main.storyboard; sourceTree = "<group>"; };
		BD58662E23F807BD001E6456 /* Assets.xcassets */ = {isa = PBXFileReference; lastKnownFileType = folder.assetcatalog; path = Assets.xcassets; sourceTree = "<group>"; };
		BD58663123F807BD001E6456 /* Base */ = {isa = PBXFileReference; lastKnownFileType = file.storyboard; name = Base; path = Base.lproj/LaunchScreen.storyboard; sourceTree = "<group>"; };
		BD58663323F807BD001E6456 /* Info.plist */ = {isa = PBXFileReference; lastKnownFileType = text.plist.xml; path = Info.plist; sourceTree = "<group>"; };
		BD58663823F807BD001E6456 /* AirportsTests.xctest */ = {isa = PBXFileReference; explicitFileType = wrapper.cfbundle; includeInIndex = 0; path = AirportsTests.xctest; sourceTree = BUILT_PRODUCTS_DIR; };
		BD58663C23F807BD001E6456 /* AirportTests.swift */ = {isa = PBXFileReference; lastKnownFileType = sourcecode.swift; path = AirportTests.swift; sourceTree = "<group>"; };
		BD58663E23F807BD001E6456 /* Info.plist */ = {isa = PBXFileReference; lastKnownFileType = text.plist.xml; path = Info.plist; sourceTree = "<group>"; };
		BD58664823F8107C001E6456 /* Airport.swift */ = {isa = PBXFileReference; lastKnownFileType = sourcecode.swift; path = Airport.swift; sourceTree = "<group>"; };
		BD9A74CF23FC5188007CFBCF /* ArrivalViewModel.swift */ = {isa = PBXFileReference; lastKnownFileType = sourcecode.swift; path = ArrivalViewModel.swift; sourceTree = "<group>"; };
		BD9A74D123FC57A8007CFBCF /* ArrivalViewModelTests.swift */ = {isa = PBXFileReference; lastKnownFileType = sourcecode.swift; path = ArrivalViewModelTests.swift; sourceTree = "<group>"; };
		BD9A74D323FC5B32007CFBCF /* ArrivalDataSourceAndDelegateTests.swift */ = {isa = PBXFileReference; lastKnownFileType = sourcecode.swift; path = ArrivalDataSourceAndDelegateTests.swift; sourceTree = "<group>"; };
		BD9A74D523FC5BBF007CFBCF /* ArrivalDataSourceAndDelegate.swift */ = {isa = PBXFileReference; lastKnownFileType = sourcecode.swift; path = ArrivalDataSourceAndDelegate.swift; sourceTree = "<group>"; };
		BD9A74D723FC5C6E007CFBCF /* ArrivalTableViewCell.swift */ = {isa = PBXFileReference; lastKnownFileType = sourcecode.swift; path = ArrivalTableViewCell.swift; sourceTree = "<group>"; };
		BD9A74D923FC6687007CFBCF /* ArrivalViewController.swift */ = {isa = PBXFileReference; lastKnownFileType = sourcecode.swift; path = ArrivalViewController.swift; sourceTree = "<group>"; };
		BD9A74DC23FC6B34007CFBCF /* StringExtension.swift */ = {isa = PBXFileReference; lastKnownFileType = sourcecode.swift; path = StringExtension.swift; sourceTree = "<group>"; };
		BD9A74DE23FC6CEA007CFBCF /* StringExtensionTests.swift */ = {isa = PBXFileReference; lastKnownFileType = sourcecode.swift; path = StringExtensionTests.swift; sourceTree = "<group>"; };
		BD9A74E023FC72F2007CFBCF /* DateExtension.swift */ = {isa = PBXFileReference; lastKnownFileType = sourcecode.swift; path = DateExtension.swift; sourceTree = "<group>"; };
		BD9A74E223FC7338007CFBCF /* DateExtensionTests.swift */ = {isa = PBXFileReference; lastKnownFileType = sourcecode.swift; path = DateExtensionTests.swift; sourceTree = "<group>"; };
		BD9A74E423FC85F6007CFBCF /* AirportTimetableTests.swift */ = {isa = PBXFileReference; lastKnownFileType = sourcecode.swift; path = AirportTimetableTests.swift; sourceTree = "<group>"; };
/* End PBXFileReference section */

/* Begin PBXFrameworksBuildPhase section */
		BD58661F23F807BA001E6456 /* Frameworks */ = {
			isa = PBXFrameworksBuildPhase;
			buildActionMask = 2147483647;
			files = (
			);
			runOnlyForDeploymentPostprocessing = 0;
		};
		BD58663523F807BD001E6456 /* Frameworks */ = {
			isa = PBXFrameworksBuildPhase;
			buildActionMask = 2147483647;
			files = (
			);
			runOnlyForDeploymentPostprocessing = 0;
		};
/* End PBXFrameworksBuildPhase section */

/* Begin PBXGroup section */
		BD22ACFD23F8127E002BA73B /* Service */ = {
			isa = PBXGroup;
			children = (
				BD22AD0623F81D58002BA73B /* Network */,
				BD22AD0123F816D3002BA73B /* Result */,
				BD22ACFE23F8129D002BA73B /* Parser */,
				BD22AD1123F82B95002BA73B /* AirportService.swift */,
				BD43FCF923FC17B2005D53D2 /* AirportTimetableService.swift */,
			);
			path = Service;
			sourceTree = "<group>";
		};
		BD22ACFE23F8129D002BA73B /* Parser */ = {
			isa = PBXGroup;
			children = (
				BD22ACFF23F812E1002BA73B /* ParserHelper.swift */,
			);
			path = Parser;
			sourceTree = "<group>";
		};
		BD22AD0123F816D3002BA73B /* Result */ = {
			isa = PBXGroup;
			children = (
				BD22AD0223F816FF002BA73B /* Result.swift */,
				BD22AD0423F8174E002BA73B /* ErrorResult.swift */,
			);
			path = Result;
			sourceTree = "<group>";
		};
		BD22AD0623F81D58002BA73B /* Network */ = {
			isa = PBXGroup;
			children = (
				BD22AD0723F81D78002BA73B /* RequestService.swift */,
				BD22AD0923F8201C002BA73B /* RequestFactory.swift */,
				BD22AD0B23F822EF002BA73B /* RequestHandler.swift */,
			);
			path = Network;
			sourceTree = "<group>";
		};
		BD43FCE723FAC2C9005D53D2 /* ViewModel */ = {
			isa = PBXGroup;
			children = (
				BD43FCE823FAC2F9005D53D2 /* AirportViewModel.swift */,
				BD43FCF123FAFDE5005D53D2 /* AirportDataSourceAndDelegate.swift */,
				BD9A74CF23FC5188007CFBCF /* ArrivalViewModel.swift */,
				BD9A74D523FC5BBF007CFBCF /* ArrivalDataSourceAndDelegate.swift */,
				BD43FCEA23FAC37B005D53D2 /* GenericDataSourceAndDelegate.swift */,
			);
			path = ViewModel;
			sourceTree = "<group>";
		};
		BD43FCEE23FAF866005D53D2 /* View */ = {
			isa = PBXGroup;
			children = (
				BD43FCEF23FAF8AC005D53D2 /* AirportViewController.swift */,
				BD43FCF323FAFF6B005D53D2 /* AirportTableViewCell.swift */,
				BD9A74D923FC6687007CFBCF /* ArrivalViewController.swift */,
				BD9A74D723FC5C6E007CFBCF /* ArrivalTableViewCell.swift */,
			);
			path = View;
			sourceTree = "<group>";
		};
		BD58661923F807BA001E6456 = {
			isa = PBXGroup;
			children = (
				BD58662423F807BA001E6456 /* Airports */,
				BD58663B23F807BD001E6456 /* AirportsTests */,
				BD58662323F807BA001E6456 /* Products */,
			);
			sourceTree = "<group>";
		};
		BD58662323F807BA001E6456 /* Products */ = {
			isa = PBXGroup;
			children = (
				BD58662223F807BA001E6456 /* Airports.app */,
				BD58663823F807BD001E6456 /* AirportsTests.xctest */,
			);
			name = Products;
			sourceTree = "<group>";
		};
		BD58662423F807BA001E6456 /* Airports */ = {
			isa = PBXGroup;
			children = (
				BD9A74DB23FC6B20007CFBCF /* Resources */,
				BD22ACFD23F8127E002BA73B /* Service */,
				BD58664723F80B9C001E6456 /* Model */,
				BD43FCE723FAC2C9005D53D2 /* ViewModel */,
				BD43FCEE23FAF866005D53D2 /* View */,
				BD58662523F807BA001E6456 /* AppDelegate.swift */,
				BD58662723F807BA001E6456 /* SceneDelegate.swift */,
				BD58662B23F807BA001E6456 /* Main.storyboard */,
				BD58662E23F807BD001E6456 /* Assets.xcassets */,
				BD58663023F807BD001E6456 /* LaunchScreen.storyboard */,
				BD58663323F807BD001E6456 /* Info.plist */,
			);
			path = Airports;
			sourceTree = "<group>";
		};
		BD58663B23F807BD001E6456 /* AirportsTests */ = {
			isa = PBXGroup;
			children = (
				BD58663C23F807BD001E6456 /* AirportTests.swift */,
				BD22AD0D23F8294C002BA73B /* AirportServiceTests.swift */,
				BD43FCE523F83CC8005D53D2 /* AirportViewModelTests.swift */,
				BD43FCF523FB0131005D53D2 /* AirportDataSourceAndDelegateTests.swift */,
				BD9A74E423FC85F6007CFBCF /* AirportTimetableTests.swift */,
				BD43FCF723FC175C005D53D2 /* AirportTimetableServiceTests.swift */,
				BD9A74D123FC57A8007CFBCF /* ArrivalViewModelTests.swift */,
				BD9A74D323FC5B32007CFBCF /* ArrivalDataSourceAndDelegateTests.swift */,
				BD9A74DE23FC6CEA007CFBCF /* StringExtensionTests.swift */,
				BD9A74E223FC7338007CFBCF /* DateExtensionTests.swift */,
				BD58663E23F807BD001E6456 /* Info.plist */,
			);
			path = AirportsTests;
			sourceTree = "<group>";
		};
		BD58664723F80B9C001E6456 /* Model */ = {
			isa = PBXGroup;
			children = (
				BD58664823F8107C001E6456 /* Airport.swift */,
				BD22AD0F23F82AB2002BA73B /* Country.swift */,
				BD43FCEC23FAC3F9005D53D2 /* DynamicValue.swift */,
				BD43FCFB23FC1944005D53D2 /* AirportTimetable.swift */,
			);
			path = Model;
			sourceTree = "<group>";
		};
		BD9A74DB23FC6B20007CFBCF /* Resources */ = {
			isa = PBXGroup;
			children = (
				BD9A74DC23FC6B34007CFBCF /* StringExtension.swift */,
				BD9A74E023FC72F2007CFBCF /* DateExtension.swift */,
			);
			path = Resources;
			sourceTree = "<group>";
		};
/* End PBXGroup section */

/* Begin PBXNativeTarget section */
		BD58662123F807BA001E6456 /* Airports */ = {
			isa = PBXNativeTarget;
			buildConfigurationList = BD58664123F807BD001E6456 /* Build configuration list for PBXNativeTarget "Airports" */;
			buildPhases = (
				BD58661E23F807BA001E6456 /* Sources */,
				BD58661F23F807BA001E6456 /* Frameworks */,
				BD58662023F807BA001E6456 /* Resources */,
			);
			buildRules = (
			);
			dependencies = (
			);
			name = Airports;
			productName = Airports;
			productReference = BD58662223F807BA001E6456 /* Airports.app */;
			productType = "com.apple.product-type.application";
		};
		BD58663723F807BD001E6456 /* AirportsTests */ = {
			isa = PBXNativeTarget;
			buildConfigurationList = BD58664423F807BD001E6456 /* Build configuration list for PBXNativeTarget "AirportsTests" */;
			buildPhases = (
				BD58663423F807BD001E6456 /* Sources */,
				BD58663523F807BD001E6456 /* Frameworks */,
				BD58663623F807BD001E6456 /* Resources */,
			);
			buildRules = (
			);
			dependencies = (
				BD58663A23F807BD001E6456 /* PBXTargetDependency */,
			);
			name = AirportsTests;
			productName = AirportsTests;
			productReference = BD58663823F807BD001E6456 /* AirportsTests.xctest */;
			productType = "com.apple.product-type.bundle.unit-test";
		};
/* End PBXNativeTarget section */

/* Begin PBXProject section */
		BD58661A23F807BA001E6456 /* Project object */ = {
			isa = PBXProject;
			attributes = {
				LastSwiftUpdateCheck = 1130;
				LastUpgradeCheck = 1130;
				ORGANIZATIONNAME = "Lucas Macedo de Lemos";
				TargetAttributes = {
					BD58662123F807BA001E6456 = {
						CreatedOnToolsVersion = 11.3.1;
					};
					BD58663723F807BD001E6456 = {
						CreatedOnToolsVersion = 11.3.1;
						TestTargetID = BD58662123F807BA001E6456;
					};
				};
			};
			buildConfigurationList = BD58661D23F807BA001E6456 /* Build configuration list for PBXProject "Airports" */;
			compatibilityVersion = "Xcode 9.3";
			developmentRegion = en;
			hasScannedForEncodings = 0;
			knownRegions = (
				en,
				Base,
			);
			mainGroup = BD58661923F807BA001E6456;
			productRefGroup = BD58662323F807BA001E6456 /* Products */;
			projectDirPath = "";
			projectRoot = "";
			targets = (
				BD58662123F807BA001E6456 /* Airports */,
				BD58663723F807BD001E6456 /* AirportsTests */,
			);
		};
/* End PBXProject section */

/* Begin PBXResourcesBuildPhase section */
		BD58662023F807BA001E6456 /* Resources */ = {
			isa = PBXResourcesBuildPhase;
			buildActionMask = 2147483647;
			files = (
				BD58663223F807BD001E6456 /* LaunchScreen.storyboard in Resources */,
				BD58662F23F807BD001E6456 /* Assets.xcassets in Resources */,
				BD58662D23F807BA001E6456 /* Main.storyboard in Resources */,
			);
			runOnlyForDeploymentPostprocessing = 0;
		};
		BD58663623F807BD001E6456 /* Resources */ = {
			isa = PBXResourcesBuildPhase;
			buildActionMask = 2147483647;
			files = (
			);
			runOnlyForDeploymentPostprocessing = 0;
		};
/* End PBXResourcesBuildPhase section */

/* Begin PBXSourcesBuildPhase section */
		BD58661E23F807BA001E6456 /* Sources */ = {
			isa = PBXSourcesBuildPhase;
			buildActionMask = 2147483647;
			files = (
				BD22AD0A23F8201C002BA73B /* RequestFactory.swift in Sources */,
				BD9A74DD23FC6B34007CFBCF /* StringExtension.swift in Sources */,
				BD22AD0323F816FF002BA73B /* Result.swift in Sources */,
				BD22AD0823F81D78002BA73B /* RequestService.swift in Sources */,
				BD43FCEB23FAC37B005D53D2 /* GenericDataSourceAndDelegate.swift in Sources */,
				BD22AD0023F812E1002BA73B /* ParserHelper.swift in Sources */,
				BD43FCFC23FC1944005D53D2 /* AirportTimetable.swift in Sources */,
				BD43FCF023FAF8AC005D53D2 /* AirportViewController.swift in Sources */,
				BD22AD1223F82B95002BA73B /* AirportService.swift in Sources */,
				BD43FCED23FAC3F9005D53D2 /* DynamicValue.swift in Sources */,
				BD22AD0523F8174E002BA73B /* ErrorResult.swift in Sources */,
				BD9A74E123FC72F2007CFBCF /* DateExtension.swift in Sources */,
				BD9A74D023FC5188007CFBCF /* ArrivalViewModel.swift in Sources */,
				BD9A74D823FC5C6E007CFBCF /* ArrivalTableViewCell.swift in Sources */,
				BD43FCF423FAFF6B005D53D2 /* AirportTableViewCell.swift in Sources */,
				BD43FCE923FAC2F9005D53D2 /* AirportViewModel.swift in Sources */,
				BD43FCFA23FC17B2005D53D2 /* AirportTimetableService.swift in Sources */,
				BD22AD0C23F822EF002BA73B /* RequestHandler.swift in Sources */,
				BD22AD1023F82AB2002BA73B /* Country.swift in Sources */,
				BD9A74DA23FC6687007CFBCF /* ArrivalViewController.swift in Sources */,
				BD58664923F8107C001E6456 /* Airport.swift in Sources */,
				BD58662623F807BA001E6456 /* AppDelegate.swift in Sources */,
				BD43FCF223FAFDE5005D53D2 /* AirportDataSourceAndDelegate.swift in Sources */,
				BD58662823F807BA001E6456 /* SceneDelegate.swift in Sources */,
				BD9A74D623FC5BBF007CFBCF /* ArrivalDataSourceAndDelegate.swift in Sources */,
			);
			runOnlyForDeploymentPostprocessing = 0;
		};
		BD58663423F807BD001E6456 /* Sources */ = {
			isa = PBXSourcesBuildPhase;
			buildActionMask = 2147483647;
			files = (
				BD58663D23F807BD001E6456 /* AirportTests.swift in Sources */,
				BD9A74E323FC7338007CFBCF /* DateExtensionTests.swift in Sources */,
				BD43FCF823FC175C005D53D2 /* AirportTimetableServiceTests.swift in Sources */,
				BD22AD0E23F8294C002BA73B /* AirportServiceTests.swift in Sources */,
				BD43FCF623FB0131005D53D2 /* AirportDataSourceAndDelegateTests.swift in Sources */,
				BD9A74E523FC85F6007CFBCF /* AirportTimetableTests.swift in Sources */,
				BD9A74DF23FC6CEA007CFBCF /* StringExtensionTests.swift in Sources */,
				BD9A74D223FC57A8007CFBCF /* ArrivalViewModelTests.swift in Sources */,
				BD43FCE623F83CC8005D53D2 /* AirportViewModelTests.swift in Sources */,
				BD9A74D423FC5B32007CFBCF /* ArrivalDataSourceAndDelegateTests.swift in Sources */,
			);
			runOnlyForDeploymentPostprocessing = 0;
		};
/* End PBXSourcesBuildPhase section */

/* Begin PBXTargetDependency section */
		BD58663A23F807BD001E6456 /* PBXTargetDependency */ = {
			isa = PBXTargetDependency;
			target = BD58662123F807BA001E6456 /* Airports */;
			targetProxy = BD58663923F807BD001E6456 /* PBXContainerItemProxy */;
		};
/* End PBXTargetDependency section */

/* Begin PBXVariantGroup section */
		BD58662B23F807BA001E6456 /* Main.storyboard */ = {
			isa = PBXVariantGroup;
			children = (
				BD58662C23F807BA001E6456 /* Base */,
			);
			name = Main.storyboard;
			sourceTree = "<group>";
		};
		BD58663023F807BD001E6456 /* LaunchScreen.storyboard */ = {
			isa = PBXVariantGroup;
			children = (
				BD58663123F807BD001E6456 /* Base */,
			);
			name = LaunchScreen.storyboard;
			sourceTree = "<group>";
		};
/* End PBXVariantGroup section */

/* Begin XCBuildConfiguration section */
		BD58663F23F807BD001E6456 /* Debug */ = {
			isa = XCBuildConfiguration;
			buildSettings = {
				ALWAYS_SEARCH_USER_PATHS = NO;
				CLANG_ANALYZER_NONNULL = YES;
				CLANG_ANALYZER_NUMBER_OBJECT_CONVERSION = YES_AGGRESSIVE;
				CLANG_CXX_LANGUAGE_STANDARD = "gnu++14";
				CLANG_CXX_LIBRARY = "libc++";
				CLANG_ENABLE_MODULES = YES;
				CLANG_ENABLE_OBJC_ARC = YES;
				CLANG_ENABLE_OBJC_WEAK = YES;
				CLANG_WARN_BLOCK_CAPTURE_AUTORELEASING = YES;
				CLANG_WARN_BOOL_CONVERSION = YES;
				CLANG_WARN_COMMA = YES;
				CLANG_WARN_CONSTANT_CONVERSION = YES;
				CLANG_WARN_DEPRECATED_OBJC_IMPLEMENTATIONS = YES;
				CLANG_WARN_DIRECT_OBJC_ISA_USAGE = YES_ERROR;
				CLANG_WARN_DOCUMENTATION_COMMENTS = YES;
				CLANG_WARN_EMPTY_BODY = YES;
				CLANG_WARN_ENUM_CONVERSION = YES;
				CLANG_WARN_INFINITE_RECURSION = YES;
				CLANG_WARN_INT_CONVERSION = YES;
				CLANG_WARN_NON_LITERAL_NULL_CONVERSION = YES;
				CLANG_WARN_OBJC_IMPLICIT_RETAIN_SELF = YES;
				CLANG_WARN_OBJC_LITERAL_CONVERSION = YES;
				CLANG_WARN_OBJC_ROOT_CLASS = YES_ERROR;
				CLANG_WARN_RANGE_LOOP_ANALYSIS = YES;
				CLANG_WARN_STRICT_PROTOTYPES = YES;
				CLANG_WARN_SUSPICIOUS_MOVE = YES;
				CLANG_WARN_UNGUARDED_AVAILABILITY = YES_AGGRESSIVE;
				CLANG_WARN_UNREACHABLE_CODE = YES;
				CLANG_WARN__DUPLICATE_METHOD_MATCH = YES;
				COPY_PHASE_STRIP = NO;
				DEBUG_INFORMATION_FORMAT = dwarf;
				ENABLE_STRICT_OBJC_MSGSEND = YES;
				ENABLE_TESTABILITY = YES;
				GCC_C_LANGUAGE_STANDARD = gnu11;
				GCC_DYNAMIC_NO_PIC = NO;
				GCC_NO_COMMON_BLOCKS = YES;
				GCC_OPTIMIZATION_LEVEL = 0;
				GCC_PREPROCESSOR_DEFINITIONS = (
					"DEBUG=1",
					"$(inherited)",
				);
				GCC_WARN_64_TO_32_BIT_CONVERSION = YES;
				GCC_WARN_ABOUT_RETURN_TYPE = YES_ERROR;
				GCC_WARN_UNDECLARED_SELECTOR = YES;
				GCC_WARN_UNINITIALIZED_AUTOS = YES_AGGRESSIVE;
				GCC_WARN_UNUSED_FUNCTION = YES;
				GCC_WARN_UNUSED_VARIABLE = YES;
				IPHONEOS_DEPLOYMENT_TARGET = 13.2;
				MTL_ENABLE_DEBUG_INFO = INCLUDE_SOURCE;
				MTL_FAST_MATH = YES;
				ONLY_ACTIVE_ARCH = YES;
				SDKROOT = iphoneos;
				SWIFT_ACTIVE_COMPILATION_CONDITIONS = DEBUG;
				SWIFT_OPTIMIZATION_LEVEL = "-Onone";
				SWIFT_VERSION = 4.0;
			};
			name = Debug;
		};
		BD58664023F807BD001E6456 /* Release */ = {
			isa = XCBuildConfiguration;
			buildSettings = {
				ALWAYS_SEARCH_USER_PATHS = NO;
				CLANG_ANALYZER_NONNULL = YES;
				CLANG_ANALYZER_NUMBER_OBJECT_CONVERSION = YES_AGGRESSIVE;
				CLANG_CXX_LANGUAGE_STANDARD = "gnu++14";
				CLANG_CXX_LIBRARY = "libc++";
				CLANG_ENABLE_MODULES = YES;
				CLANG_ENABLE_OBJC_ARC = YES;
				CLANG_ENABLE_OBJC_WEAK = YES;
				CLANG_WARN_BLOCK_CAPTURE_AUTORELEASING = YES;
				CLANG_WARN_BOOL_CONVERSION = YES;
				CLANG_WARN_COMMA = YES;
				CLANG_WARN_CONSTANT_CONVERSION = YES;
				CLANG_WARN_DEPRECATED_OBJC_IMPLEMENTATIONS = YES;
				CLANG_WARN_DIRECT_OBJC_ISA_USAGE = YES_ERROR;
				CLANG_WARN_DOCUMENTATION_COMMENTS = YES;
				CLANG_WARN_EMPTY_BODY = YES;
				CLANG_WARN_ENUM_CONVERSION = YES;
				CLANG_WARN_INFINITE_RECURSION = YES;
				CLANG_WARN_INT_CONVERSION = YES;
				CLANG_WARN_NON_LITERAL_NULL_CONVERSION = YES;
				CLANG_WARN_OBJC_IMPLICIT_RETAIN_SELF = YES;
				CLANG_WARN_OBJC_LITERAL_CONVERSION = YES;
				CLANG_WARN_OBJC_ROOT_CLASS = YES_ERROR;
				CLANG_WARN_RANGE_LOOP_ANALYSIS = YES;
				CLANG_WARN_STRICT_PROTOTYPES = YES;
				CLANG_WARN_SUSPICIOUS_MOVE = YES;
				CLANG_WARN_UNGUARDED_AVAILABILITY = YES_AGGRESSIVE;
				CLANG_WARN_UNREACHABLE_CODE = YES;
				CLANG_WARN__DUPLICATE_METHOD_MATCH = YES;
				COPY_PHASE_STRIP = NO;
				DEBUG_INFORMATION_FORMAT = "dwarf-with-dsym";
				ENABLE_NS_ASSERTIONS = NO;
				ENABLE_STRICT_OBJC_MSGSEND = YES;
				GCC_C_LANGUAGE_STANDARD = gnu11;
				GCC_NO_COMMON_BLOCKS = YES;
				GCC_WARN_64_TO_32_BIT_CONVERSION = YES;
				GCC_WARN_ABOUT_RETURN_TYPE = YES_ERROR;
				GCC_WARN_UNDECLARED_SELECTOR = YES;
				GCC_WARN_UNINITIALIZED_AUTOS = YES_AGGRESSIVE;
				GCC_WARN_UNUSED_FUNCTION = YES;
				GCC_WARN_UNUSED_VARIABLE = YES;
				IPHONEOS_DEPLOYMENT_TARGET = 13.2;
				MTL_ENABLE_DEBUG_INFO = NO;
				MTL_FAST_MATH = YES;
				SDKROOT = iphoneos;
				SWIFT_COMPILATION_MODE = wholemodule;
				SWIFT_OPTIMIZATION_LEVEL = "-O";
				SWIFT_VERSION = 4.0;
				VALIDATE_PRODUCT = YES;
			};
			name = Release;
		};
		BD58664223F807BD001E6456 /* Debug */ = {
			isa = XCBuildConfiguration;
			buildSettings = {
				ASSETCATALOG_COMPILER_APPICON_NAME = AppIcon;
				AVIATION_EDGE_API_KEY = "9456d0-d5457c";
				AVIATION_EDGE_BASE_URL = "https://aviation-edge.com/v2/public/";
				CODE_SIGN_STYLE = Automatic;
				DEVELOPMENT_TEAM = 4QSRB3R53F;
				INFOPLIST_FILE = Airports/Info.plist;
				LD_RUNPATH_SEARCH_PATHS = (
					"$(inherited)",
					"@executable_path/Frameworks",
				);
				MARKETING_VERSION = 1.1;
				PRODUCT_BUNDLE_IDENTIFIER = br.com.lucasmacedodelemos.Airports;
				PRODUCT_NAME = "$(TARGET_NAME)";
				SWIFT_VERSION = 4.0;
				TARGETED_DEVICE_FAMILY = 1;
			};
			name = Debug;
		};
		BD58664323F807BD001E6456 /* Release */ = {
			isa = XCBuildConfiguration;
			buildSettings = {
				ASSETCATALOG_COMPILER_APPICON_NAME = AppIcon;
				AVIATION_EDGE_API_KEY = "9456d0-d5457c";
				AVIATION_EDGE_BASE_URL = "https://aviation-edge.com/v2/public/";
				CODE_SIGN_STYLE = Automatic;
				DEVELOPMENT_TEAM = 4QSRB3R53F;
				INFOPLIST_FILE = Airports/Info.plist;
				LD_RUNPATH_SEARCH_PATHS = (
					"$(inherited)",
					"@executable_path/Frameworks",
				);
				MARKETING_VERSION = 1.1;
				PRODUCT_BUNDLE_IDENTIFIER = br.com.lucasmacedodelemos.Airports;
				PRODUCT_NAME = "$(TARGET_NAME)";
				SWIFT_VERSION = 4.0;
				TARGETED_DEVICE_FAMILY = 1;
			};
			name = Release;
		};
		BD58664523F807BD001E6456 /* Debug */ = {
			isa = XCBuildConfiguration;
			buildSettings = {
				ALWAYS_EMBED_SWIFT_STANDARD_LIBRARIES = YES;
				BUNDLE_LOADER = "$(TEST_HOST)";
				CODE_SIGN_STYLE = Automatic;
				INFOPLIST_FILE = AirportsTests/Info.plist;
				IPHONEOS_DEPLOYMENT_TARGET = 13.2;
				LD_RUNPATH_SEARCH_PATHS = (
					"$(inherited)",
					"@executable_path/Frameworks",
					"@loader_path/Frameworks",
				);
				PRODUCT_BUNDLE_IDENTIFIER = br.com.lucasmacedodelemos.AirportsTests;
				PRODUCT_NAME = "$(TARGET_NAME)";
				SWIFT_VERSION = 4.0;
				TARGETED_DEVICE_FAMILY = "1,2";
				TEST_HOST = "$(BUILT_PRODUCTS_DIR)/Airports.app/Airports";
			};
			name = Debug;
		};
		BD58664623F807BD001E6456 /* Release */ = {
			isa = XCBuildConfiguration;
			buildSettings = {
				ALWAYS_EMBED_SWIFT_STANDARD_LIBRARIES = YES;
				BUNDLE_LOADER = "$(TEST_HOST)";
				CODE_SIGN_STYLE = Automatic;
				INFOPLIST_FILE = AirportsTests/Info.plist;
				IPHONEOS_DEPLOYMENT_TARGET = 13.2;
				LD_RUNPATH_SEARCH_PATHS = (
					"$(inherited)",
					"@executable_path/Frameworks",
					"@loader_path/Frameworks",
				);
				PRODUCT_BUNDLE_IDENTIFIER = br.com.lucasmacedodelemos.AirportsTests;
				PRODUCT_NAME = "$(TARGET_NAME)";
				SWIFT_VERSION = 4.0;
				TARGETED_DEVICE_FAMILY = "1,2";
				TEST_HOST = "$(BUILT_PRODUCTS_DIR)/Airports.app/Airports";
			};
			name = Release;
		};
/* End XCBuildConfiguration section */

/* Begin XCConfigurationList section */
		BD58661D23F807BA001E6456 /* Build configuration list for PBXProject "Airports" */ = {
			isa = XCConfigurationList;
			buildConfigurations = (
				BD58663F23F807BD001E6456 /* Debug */,
				BD58664023F807BD001E6456 /* Release */,
			);
			defaultConfigurationIsVisible = 0;
			defaultConfigurationName = Release;
		};
		BD58664123F807BD001E6456 /* Build configuration list for PBXNativeTarget "Airports" */ = {
			isa = XCConfigurationList;
			buildConfigurations = (
				BD58664223F807BD001E6456 /* Debug */,
				BD58664323F807BD001E6456 /* Release */,
			);
			defaultConfigurationIsVisible = 0;
			defaultConfigurationName = Release;
		};
		BD58664423F807BD001E6456 /* Build configuration list for PBXNativeTarget "AirportsTests" */ = {
			isa = XCConfigurationList;
			buildConfigurations = (
				BD58664523F807BD001E6456 /* Debug */,
				BD58664623F807BD001E6456 /* Release */,
			);
			defaultConfigurationIsVisible = 0;
			defaultConfigurationName = Release;
		};
/* End XCConfigurationList section */
	};
	rootObject = BD58661A23F807BA001E6456 /* Project object */;
}
